// !$*UTF8*$!
{
	archiveVersion = 1;
	classes = {
	};
	objectVersion = 55;
	objects = {

/* Begin PBXBuildFile section */
		21BCA8EA2819E4AC00799CFC /* CharacterTableViewCell.swift in Sources */ = {isa = PBXBuildFile; fileRef = 21BCA8E92819E4AC00799CFC /* CharacterTableViewCell.swift */; };
		21BCA8EC281A104F00799CFC /* CharacterTableViewModel.swift in Sources */ = {isa = PBXBuildFile; fileRef = 21BCA8EB281A104F00799CFC /* CharacterTableViewModel.swift */; };
		21BCA8EE281B2CEF00799CFC /* ImageHandler.swift in Sources */ = {isa = PBXBuildFile; fileRef = 21BCA8ED281B2CEF00799CFC /* ImageHandler.swift */; };
		21BCA8F0281B3B8D00799CFC /* CharacterDetailsViewController.swift in Sources */ = {isa = PBXBuildFile; fileRef = 21BCA8EF281B3B8D00799CFC /* CharacterDetailsViewController.swift */; };
		21D3D0C02814A6190011C2E1 /* AppDelegate.swift in Sources */ = {isa = PBXBuildFile; fileRef = 21D3D0BF2814A6190011C2E1 /* AppDelegate.swift */; };
		21D3D0C22814A6190011C2E1 /* SceneDelegate.swift in Sources */ = {isa = PBXBuildFile; fileRef = 21D3D0C12814A6190011C2E1 /* SceneDelegate.swift */; };
		21D3D0C42814A6190011C2E1 /* CharactersTableViewController.swift in Sources */ = {isa = PBXBuildFile; fileRef = 21D3D0C32814A6190011C2E1 /* CharactersTableViewController.swift */; };
		21D3D0C92814A61B0011C2E1 /* Assets.xcassets in Resources */ = {isa = PBXBuildFile; fileRef = 21D3D0C82814A61B0011C2E1 /* Assets.xcassets */; };
		21D3D0CC2814A61B0011C2E1 /* LaunchScreen.storyboard in Resources */ = {isa = PBXBuildFile; fileRef = 21D3D0CA2814A61B0011C2E1 /* LaunchScreen.storyboard */; };
		21D3D0D42814A68C0011C2E1 /* RequestManager.swift in Sources */ = {isa = PBXBuildFile; fileRef = 21D3D0D32814A68C0011C2E1 /* RequestManager.swift */; };
		21D3D0D72814B7640011C2E1 /* Character.swift in Sources */ = {isa = PBXBuildFile; fileRef = 21D3D0D62814B7640011C2E1 /* Character.swift */; };
		21D3D0D92814B7E10011C2E1 /* Location.swift in Sources */ = {isa = PBXBuildFile; fileRef = 21D3D0D82814B7E10011C2E1 /* Location.swift */; };
/* End PBXBuildFile section */

/* Begin PBXFileReference section */
		21BCA8E92819E4AC00799CFC /* CharacterTableViewCell.swift */ = {isa = PBXFileReference; lastKnownFileType = sourcecode.swift; path = CharacterTableViewCell.swift; sourceTree = "<group>"; };
		21BCA8EB281A104F00799CFC /* CharacterTableViewModel.swift */ = {isa = PBXFileReference; lastKnownFileType = sourcecode.swift; path = CharacterTableViewModel.swift; sourceTree = "<group>"; };
		21BCA8ED281B2CEF00799CFC /* ImageHandler.swift */ = {isa = PBXFileReference; lastKnownFileType = sourcecode.swift; path = ImageHandler.swift; sourceTree = "<group>"; };
		21BCA8EF281B3B8D00799CFC /* CharacterDetailsViewController.swift */ = {isa = PBXFileReference; lastKnownFileType = sourcecode.swift; path = CharacterDetailsViewController.swift; sourceTree = "<group>"; };
		21D3D0BC2814A6190011C2E1 /* RickAndMorty.app */ = {isa = PBXFileReference; explicitFileType = wrapper.application; includeInIndex = 0; path = RickAndMorty.app; sourceTree = BUILT_PRODUCTS_DIR; };
		21D3D0BF2814A6190011C2E1 /* AppDelegate.swift */ = {isa = PBXFileReference; lastKnownFileType = sourcecode.swift; path = AppDelegate.swift; sourceTree = "<group>"; };
		21D3D0C12814A6190011C2E1 /* SceneDelegate.swift */ = {isa = PBXFileReference; lastKnownFileType = sourcecode.swift; path = SceneDelegate.swift; sourceTree = "<group>"; };
		21D3D0C32814A6190011C2E1 /* CharactersTableViewController.swift */ = {isa = PBXFileReference; lastKnownFileType = sourcecode.swift; path = CharactersTableViewController.swift; sourceTree = "<group>"; };
		21D3D0C82814A61B0011C2E1 /* Assets.xcassets */ = {isa = PBXFileReference; lastKnownFileType = folder.assetcatalog; path = Assets.xcassets; sourceTree = "<group>"; };
		21D3D0CB2814A61B0011C2E1 /* Base */ = {isa = PBXFileReference; lastKnownFileType = file.storyboard; name = Base; path = Base.lproj/LaunchScreen.storyboard; sourceTree = "<group>"; };
		21D3D0CD2814A61B0011C2E1 /* Info.plist */ = {isa = PBXFileReference; lastKnownFileType = text.plist.xml; path = Info.plist; sourceTree = "<group>"; };
		21D3D0D32814A68C0011C2E1 /* RequestManager.swift */ = {isa = PBXFileReference; lastKnownFileType = sourcecode.swift; path = RequestManager.swift; sourceTree = "<group>"; };
		21D3D0D62814B7640011C2E1 /* Character.swift */ = {isa = PBXFileReference; lastKnownFileType = sourcecode.swift; path = Character.swift; sourceTree = "<group>"; };
		21D3D0D82814B7E10011C2E1 /* Location.swift */ = {isa = PBXFileReference; lastKnownFileType = sourcecode.swift; path = Location.swift; sourceTree = "<group>"; };
/* End PBXFileReference section */

/* Begin PBXFrameworksBuildPhase section */
		21D3D0B92814A6190011C2E1 /* Frameworks */ = {
			isa = PBXFrameworksBuildPhase;
			buildActionMask = 2147483647;
			files = (
			);
			runOnlyForDeploymentPostprocessing = 0;
		};
/* End PBXFrameworksBuildPhase section */

/* Begin PBXGroup section */
		21D3D0B32814A6190011C2E1 = {
			isa = PBXGroup;
			children = (
				21D3D0BE2814A6190011C2E1 /* RickAndMorty */,
				21D3D0BD2814A6190011C2E1 /* Products */,
			);
			sourceTree = "<group>";
		};
		21D3D0BD2814A6190011C2E1 /* Products */ = {
			isa = PBXGroup;
			children = (
				21D3D0BC2814A6190011C2E1 /* RickAndMorty.app */,
			);
			name = Products;
			sourceTree = "<group>";
		};
		21D3D0BE2814A6190011C2E1 /* RickAndMorty */ = {
			isa = PBXGroup;
			children = (
				21D3D0D52814B7560011C2E1 /* Models */,
				21D3D0BF2814A6190011C2E1 /* AppDelegate.swift */,
				21D3D0C12814A6190011C2E1 /* SceneDelegate.swift */,
				21D3D0D32814A68C0011C2E1 /* RequestManager.swift */,
				21BCA8ED281B2CEF00799CFC /* ImageHandler.swift */,
				21BCA8EB281A104F00799CFC /* CharacterTableViewModel.swift */,
				21BCA8E92819E4AC00799CFC /* CharacterTableViewCell.swift */,
				21D3D0C32814A6190011C2E1 /* CharactersTableViewController.swift */,
				21BCA8EF281B3B8D00799CFC /* CharacterDetailsViewController.swift */,
				21D3D0C82814A61B0011C2E1 /* Assets.xcassets */,
				21D3D0CA2814A61B0011C2E1 /* LaunchScreen.storyboard */,
				21D3D0CD2814A61B0011C2E1 /* Info.plist */,
			);
			path = RickAndMorty;
			sourceTree = "<group>";
		};
		21D3D0D52814B7560011C2E1 /* Models */ = {
			isa = PBXGroup;
			children = (
				21D3D0D62814B7640011C2E1 /* Character.swift */,
				21D3D0D82814B7E10011C2E1 /* Location.swift */,
			);
			path = Models;
			sourceTree = "<group>";
		};
/* End PBXGroup section */

/* Begin PBXNativeTarget section */
		21D3D0BB2814A6190011C2E1 /* RickAndMorty */ = {
			isa = PBXNativeTarget;
			buildConfigurationList = 21D3D0D02814A61B0011C2E1 /* Build configuration list for PBXNativeTarget "RickAndMorty" */;
			buildPhases = (
				21D3D0B82814A6190011C2E1 /* Sources */,
				21D3D0B92814A6190011C2E1 /* Frameworks */,
				21D3D0BA2814A6190011C2E1 /* Resources */,
			);
			buildRules = (
			);
			dependencies = (
			);
			name = RickAndMorty;
			productName = RickAndMorty;
			productReference = 21D3D0BC2814A6190011C2E1 /* RickAndMorty.app */;
			productType = "com.apple.product-type.application";
		};
/* End PBXNativeTarget section */

/* Begin PBXProject section */
		21D3D0B42814A6190011C2E1 /* Project object */ = {
			isa = PBXProject;
			attributes = {
				BuildIndependentTargetsInParallel = 1;
				LastSwiftUpdateCheck = 1330;
				LastUpgradeCheck = 1330;
				TargetAttributes = {
					21D3D0BB2814A6190011C2E1 = {
						CreatedOnToolsVersion = 13.3.1;
					};
				};
			};
			buildConfigurationList = 21D3D0B72814A6190011C2E1 /* Build configuration list for PBXProject "RickAndMorty" */;
			compatibilityVersion = "Xcode 13.0";
			developmentRegion = en;
			hasScannedForEncodings = 0;
			knownRegions = (
				en,
				Base,
			);
			mainGroup = 21D3D0B32814A6190011C2E1;
			productRefGroup = 21D3D0BD2814A6190011C2E1 /* Products */;
			projectDirPath = "";
			projectRoot = "";
			targets = (
				21D3D0BB2814A6190011C2E1 /* RickAndMorty */,
			);
		};
/* End PBXProject section */

/* Begin PBXResourcesBuildPhase section */
		21D3D0BA2814A6190011C2E1 /* Resources */ = {
			isa = PBXResourcesBuildPhase;
			buildActionMask = 2147483647;
			files = (
				21D3D0CC2814A61B0011C2E1 /* LaunchScreen.storyboard in Resources */,
				21D3D0C92814A61B0011C2E1 /* Assets.xcassets in Resources */,
			);
			runOnlyForDeploymentPostprocessing = 0;
		};
/* End PBXResourcesBuildPhase section */

/* Begin PBXSourcesBuildPhase section */
		21D3D0B82814A6190011C2E1 /* Sources */ = {
			isa = PBXSourcesBuildPhase;
			buildActionMask = 2147483647;
			files = (
				21D3D0C42814A6190011C2E1 /* CharactersTableViewController.swift in Sources */,
				21D3D0C02814A6190011C2E1 /* AppDelegate.swift in Sources */,
				21BCA8EC281A104F00799CFC /* CharacterTableViewModel.swift in Sources */,
				21D3D0D72814B7640011C2E1 /* Character.swift in Sources */,
				21D3D0C22814A6190011C2E1 /* SceneDelegate.swift in Sources */,
				21D3D0D92814B7E10011C2E1 /* Location.swift in Sources */,
				21D3D0D42814A68C0011C2E1 /* RequestManager.swift in Sources */,
				21BCA8F0281B3B8D00799CFC /* CharacterDetailsViewController.swift in Sources */,
				21BCA8EE281B2CEF00799CFC /* ImageHandler.swift in Sources */,
				21BCA8EA2819E4AC00799CFC /* CharacterTableViewCell.swift in Sources */,
			);
			runOnlyForDeploymentPostprocessing = 0;
		};
/* End PBXSourcesBuildPhase section */

/* Begin PBXVariantGroup section */
		21D3D0CA2814A61B0011C2E1 /* LaunchScreen.storyboard */ = {
			isa = PBXVariantGroup;
			children = (
				21D3D0CB2814A61B0011C2E1 /* Base */,
			);
			name = LaunchScreen.storyboard;
			sourceTree = "<group>";
		};
/* End PBXVariantGroup section */

/* Begin XCBuildConfiguration section */
		21D3D0CE2814A61B0011C2E1 /* Debug */ = {
			isa = XCBuildConfiguration;
			buildSettings = {
				ALWAYS_SEARCH_USER_PATHS = NO;
				CLANG_ANALYZER_NONNULL = YES;
				CLANG_ANALYZER_NUMBER_OBJECT_CONVERSION = YES_AGGRESSIVE;
				CLANG_CXX_LANGUAGE_STANDARD = "gnu++17";
				CLANG_ENABLE_MODULES = YES;
				CLANG_ENABLE_OBJC_ARC = YES;
				CLANG_ENABLE_OBJC_WEAK = YES;
				CLANG_WARN_BLOCK_CAPTURE_AUTORELEASING = YES;
				CLANG_WARN_BOOL_CONVERSION = YES;
				CLANG_WARN_COMMA = YES;
				CLANG_WARN_CONSTANT_CONVERSION = YES;
				CLANG_WARN_DEPRECATED_OBJC_IMPLEMENTATIONS = YES;
				CLANG_WARN_DIRECT_OBJC_ISA_USAGE = YES_ERROR;
				CLANG_WARN_DOCUMENTATION_COMMENTS = YES;
				CLANG_WARN_EMPTY_BODY = YES;
				CLANG_WARN_ENUM_CONVERSION = YES;
				CLANG_WARN_INFINITE_RECURSION = YES;
				CLANG_WARN_INT_CONVERSION = YES;
				CLANG_WARN_NON_LITERAL_NULL_CONVERSION = YES;
				CLANG_WARN_OBJC_IMPLICIT_RETAIN_SELF = YES;
				CLANG_WARN_OBJC_LITERAL_CONVERSION = YES;
				CLANG_WARN_OBJC_ROOT_CLASS = YES_ERROR;
				CLANG_WARN_QUOTED_INCLUDE_IN_FRAMEWORK_HEADER = YES;
				CLANG_WARN_RANGE_LOOP_ANALYSIS = YES;
				CLANG_WARN_STRICT_PROTOTYPES = YES;
				CLANG_WARN_SUSPICIOUS_MOVE = YES;
				CLANG_WARN_UNGUARDED_AVAILABILITY = YES_AGGRESSIVE;
				CLANG_WARN_UNREACHABLE_CODE = YES;
				CLANG_WARN__DUPLICATE_METHOD_MATCH = YES;
				COPY_PHASE_STRIP = NO;
				DEBUG_INFORMATION_FORMAT = dwarf;
				ENABLE_STRICT_OBJC_MSGSEND = YES;
				ENABLE_TESTABILITY = YES;
				GCC_C_LANGUAGE_STANDARD = gnu11;
				GCC_DYNAMIC_NO_PIC = NO;
				GCC_NO_COMMON_BLOCKS = YES;
				GCC_OPTIMIZATION_LEVEL = 0;
				GCC_PREPROCESSOR_DEFINITIONS = (
					"DEBUG=1",
					"$(inherited)",
				);
				GCC_WARN_64_TO_32_BIT_CONVERSION = YES;
				GCC_WARN_ABOUT_RETURN_TYPE = YES_ERROR;
				GCC_WARN_UNDECLARED_SELECTOR = YES;
				GCC_WARN_UNINITIALIZED_AUTOS = YES_AGGRESSIVE;
				GCC_WARN_UNUSED_FUNCTION = YES;
				GCC_WARN_UNUSED_VARIABLE = YES;
				IPHONEOS_DEPLOYMENT_TARGET = 15.4;
				MTL_ENABLE_DEBUG_INFO = INCLUDE_SOURCE;
				MTL_FAST_MATH = YES;
				ONLY_ACTIVE_ARCH = YES;
				SDKROOT = iphoneos;
				SWIFT_ACTIVE_COMPILATION_CONDITIONS = DEBUG;
				SWIFT_OPTIMIZATION_LEVEL = "-Onone";
			};
			name = Debug;
		};
		21D3D0CF2814A61B0011C2E1 /* Release */ = {
			isa = XCBuildConfiguration;
			buildSettings = {
				ALWAYS_SEARCH_USER_PATHS = NO;
				CLANG_ANALYZER_NONNULL = YES;
				CLANG_ANALYZER_NUMBER_OBJECT_CONVERSION = YES_AGGRESSIVE;
				CLANG_CXX_LANGUAGE_STANDARD = "gnu++17";
				CLANG_ENABLE_MODULES = YES;
				CLANG_ENABLE_OBJC_ARC = YES;
				CLANG_ENABLE_OBJC_WEAK = YES;
				CLANG_WARN_BLOCK_CAPTURE_AUTORELEASING = YES;
				CLANG_WARN_BOOL_CONVERSION = YES;
				CLANG_WARN_COMMA = YES;
				CLANG_WARN_CONSTANT_CONVERSION = YES;
				CLANG_WARN_DEPRECATED_OBJC_IMPLEMENTATIONS = YES;
				CLANG_WARN_DIRECT_OBJC_ISA_USAGE = YES_ERROR;
				CLANG_WARN_DOCUMENTATION_COMMENTS = YES;
				CLANG_WARN_EMPTY_BODY = YES;
				CLANG_WARN_ENUM_CONVERSION = YES;
				CLANG_WARN_INFINITE_RECURSION = YES;
				CLANG_WARN_INT_CONVERSION = YES;
				CLANG_WARN_NON_LITERAL_NULL_CONVERSION = YES;
				CLANG_WARN_OBJC_IMPLICIT_RETAIN_SELF = YES;
				CLANG_WARN_OBJC_LITERAL_CONVERSION = YES;
				CLANG_WARN_OBJC_ROOT_CLASS = YES_ERROR;
				CLANG_WARN_QUOTED_INCLUDE_IN_FRAMEWORK_HEADER = YES;
				CLANG_WARN_RANGE_LOOP_ANALYSIS = YES;
				CLANG_WARN_STRICT_PROTOTYPES = YES;
				CLANG_WARN_SUSPICIOUS_MOVE = YES;
				CLANG_WARN_UNGUARDED_AVAILABILITY = YES_AGGRESSIVE;
				CLANG_WARN_UNREACHABLE_CODE = YES;
				CLANG_WARN__DUPLICATE_METHOD_MATCH = YES;
				COPY_PHASE_STRIP = NO;
				DEBUG_INFORMATION_FORMAT = "dwarf-with-dsym";
				ENABLE_NS_ASSERTIONS = NO;
				ENABLE_STRICT_OBJC_MSGSEND = YES;
				GCC_C_LANGUAGE_STANDARD = gnu11;
				GCC_NO_COMMON_BLOCKS = YES;
				GCC_WARN_64_TO_32_BIT_CONVERSION = YES;
				GCC_WARN_ABOUT_RETURN_TYPE = YES_ERROR;
				GCC_WARN_UNDECLARED_SELECTOR = YES;
				GCC_WARN_UNINITIALIZED_AUTOS = YES_AGGRESSIVE;
				GCC_WARN_UNUSED_FUNCTION = YES;
				GCC_WARN_UNUSED_VARIABLE = YES;
				IPHONEOS_DEPLOYMENT_TARGET = 15.4;
				MTL_ENABLE_DEBUG_INFO = NO;
				MTL_FAST_MATH = YES;
				SDKROOT = iphoneos;
				SWIFT_COMPILATION_MODE = wholemodule;
				SWIFT_OPTIMIZATION_LEVEL = "-O";
				VALIDATE_PRODUCT = YES;
			};
			name = Release;
		};
		21D3D0D12814A61B0011C2E1 /* Debug */ = {
			isa = XCBuildConfiguration;
			buildSettings = {
				ASSETCATALOG_COMPILER_APPICON_NAME = AppIcon;
				ASSETCATALOG_COMPILER_GLOBAL_ACCENT_COLOR_NAME = AccentColor;
				CODE_SIGN_STYLE = Automatic;
				CURRENT_PROJECT_VERSION = 1;
				DEVELOPMENT_TEAM = K3589JGMVX;
				GENERATE_INFOPLIST_FILE = YES;
				INFOPLIST_FILE = RickAndMorty/Info.plist;
				INFOPLIST_KEY_UIApplicationSupportsIndirectInputEvents = YES;
				INFOPLIST_KEY_UILaunchStoryboardName = LaunchScreen;
				INFOPLIST_KEY_UISupportedInterfaceOrientations_iPad = "UIInterfaceOrientationPortrait UIInterfaceOrientationPortraitUpsideDown";
				INFOPLIST_KEY_UISupportedInterfaceOrientations_iPhone = UIInterfaceOrientationPortrait;
				LD_RUNPATH_SEARCH_PATHS = (
					"$(inherited)",
					"@executable_path/Frameworks",
				);
				MARKETING_VERSION = 1.0;
				PRODUCT_BUNDLE_IDENTIFIER = com.sharun.takehome.RickAndMorty;
				PRODUCT_NAME = "$(TARGET_NAME)";
				SWIFT_EMIT_LOC_STRINGS = YES;
				SWIFT_VERSION = 5.0;
				TARGETED_DEVICE_FAMILY = "1,2";
			};
			name = Debug;
		};
		21D3D0D22814A61B0011C2E1 /* Release */ = {
			isa = XCBuildConfiguration;
			buildSettings = {
				ASSETCATALOG_COMPILER_APPICON_NAME = AppIcon;
				ASSETCATALOG_COMPILER_GLOBAL_ACCENT_COLOR_NAME = AccentColor;
				CODE_SIGN_STYLE = Automatic;
				CURRENT_PROJECT_VERSION = 1;
				DEVELOPMENT_TEAM = K3589JGMVX;
				GENERATE_INFOPLIST_FILE = YES;
				INFOPLIST_FILE = RickAndMorty/Info.plist;
				INFOPLIST_KEY_UIApplicationSupportsIndirectInputEvents = YES;
				INFOPLIST_KEY_UILaunchStoryboardName = LaunchScreen;
				INFOPLIST_KEY_UISupportedInterfaceOrientations_iPad = "UIInterfaceOrientationPortrait UIInterfaceOrientationPortraitUpsideDown";
				INFOPLIST_KEY_UISupportedInterfaceOrientations_iPhone = UIInterfaceOrientationPortrait;
				LD_RUNPATH_SEARCH_PATHS = (
					"$(inherited)",
					"@executable_path/Frameworks",
				);
				MARKETING_VERSION = 1.0;
				PRODUCT_BUNDLE_IDENTIFIER = com.sharun.takehome.RickAndMorty;
				PRODUCT_NAME = "$(TARGET_NAME)";
				SWIFT_EMIT_LOC_STRINGS = YES;
				SWIFT_VERSION = 5.0;
				TARGETED_DEVICE_FAMILY = "1,2";
			};
			name = Release;
		};
/* End XCBuildConfiguration section */

/* Begin XCConfigurationList section */
		21D3D0B72814A6190011C2E1 /* Build configuration list for PBXProject "RickAndMorty" */ = {
			isa = XCConfigurationList;
			buildConfigurations = (
				21D3D0CE2814A61B0011C2E1 /* Debug */,
				21D3D0CF2814A61B0011C2E1 /* Release */,
			);
			defaultConfigurationIsVisible = 0;
			defaultConfigurationName = Release;
		};
		21D3D0D02814A61B0011C2E1 /* Build configuration list for PBXNativeTarget "RickAndMorty" */ = {
			isa = XCConfigurationList;
			buildConfigurations = (
				21D3D0D12814A61B0011C2E1 /* Debug */,
				21D3D0D22814A61B0011C2E1 /* Release */,
			);
			defaultConfigurationIsVisible = 0;
			defaultConfigurationName = Release;
		};
/* End XCConfigurationList section */
	};
	rootObject = 21D3D0B42814A6190011C2E1 /* Project object */;
}
